{
  "requires": true,
  "lockfileVersion": 1,
  "dependencies": {
    "xiaosheng-huang-palindrome": {
      "version": "0.1.0",
      "resolved": "https://registry.npmjs.org/xiaosheng-huang-palindrome/-/xiaosheng-huang-palindrome-0.1.0.tgz",
      "integrity": "sha512-YpmC0UUTKLk1AyNBlO3ZzL7AcoiWAwPrN5u9DjGuXAak85HNZ/GgGxC+KIoo2ma0woTB9qbka0v7FhzDP5i/8w=="
    }
  }
}
